SITE
  remote: https://supermarket.getchef.com/api/v1
  specs:
    7-zip (1.0.2)
      windows (>= 1.2.2)
    apt (2.9.2)
    ark (0.9.0)
      7-zip (>= 0.0.0)
      windows (>= 0.0.0)
    bluepill (2.4.1)
      rsyslog (~> 2.0)
    build-essential (2.2.4)
    chef-sugar (3.3.0)
    chef_handler (1.2.0)
    dmg (2.3.0)
    firewall (2.4.0)
      chef-sugar (>= 0.0.0)
    git (4.3.6)
      build-essential (>= 0.0.0)
      dmg (>= 0.0.0)
      windows (>= 0.0.0)
      yum-epel (>= 0.0.0)
    homebrew (2.0.5)
      build-essential (>= 2.1.2)
    iptables (1.1.0)
    locale (1.0.2)
    nginx (2.7.6)
      apt (~> 2.2)
      bluepill (~> 2.3)
      build-essential (~> 2.0)
      ohai (~> 2.0)
      runit (~> 1.2)
      yum-epel (~> 0.3)
    nodejs (2.4.4)
      apt (>= 0.0.0)
      ark (>= 0.0.0)
      build-essential (>= 0.0.0)
      homebrew (>= 0.0.0)
      yum-epel (>= 0.0.0)
    ohai (2.1.0)
    openssh (1.6.1)
      iptables (~> 1.0)
    openssl (4.4.0)
      chef-sugar (>= 3.1.1)
    packagecloud (0.1.1)
    postgresql (4.0.0)
      apt (>= 1.9.0)
      build-essential (>= 0.0.0)
      openssl (~> 4.0)
    python (1.4.6)
      build-essential (>= 0.0.0)
      yum-epel (>= 0.0.0)
    rbenv (1.7.1)
      apt (>= 0.0.0)
      build-essential (>= 0.0.0)
      git (>= 0.0.0)
      ohai (>= 1.1)
    rsyslog (2.2.0)
    ruby_build (0.8.0)
    runit (1.7.6)
      packagecloud (>= 0.0.0)
    supervisor (0.4.12)
      python (>= 0.0.0)
    windows (1.39.1)
      chef_handler (>= 0.0.0)
    yum (3.9.0)
    yum-epel (0.6.5)
      yum (~> 3.2)

PATH
  remote: vendor/cookbooks/pictureroom
  specs:
    pictureroom (0.1.8)
      apt (>= 0.0.0)
      firewall (>= 0.0.0)
      locale (>= 0.0.0)
      nginx (>= 0.0.0)
      nodejs (>= 0.0.0)
      openssh (>= 0.0.0)
      postgresql (>= 0.0.0)
      python (>= 0.0.0)
      rbenv (>= 0.0.0)
      ruby_build (>= 0.0.0)
      supervisor (>= 0.0.0)

DEPENDENCIES
  pictureroom (>= 0)

